
Microsoft Visual Studio Solution File, Format Version 12.00
# Visual Studio Version 17
VisualStudioVersion = 17.13.35919.96 d17.13
MinimumVisualStudioVersion = 10.0.40219.1
Project("{FAE04EC0-301F-11D3-BF4B-00C04F79EFBC}") = "WindowsArea", "WindowsArea.csproj", "{53E31F0F-689A-4679-88D9-9C87070FC3C3}"
EndProject
Global
	GlobalSection(SolutionConfigurationPlatforms) = preSolution
		Debug|Any CPU = Debug|Any CPU
		Release|Any CPU = Release|Any CPU
	EndGlobalSection
	GlobalSection(ProjectConfigurationPlatforms) = postSolution
		{53E31F0F-689A-4679-88D9-9C87070FC3C3}.Debug|Any CPU.ActiveCfg = Debug|Any CPU
		{53E31F0F-689A-4679-88D9-9C87070FC3C3}.Debug|Any CPU.Build.0 = Debug|Any CPU
		{53E31F0F-689A-4679-88D9-9C87070FC3C3}.Release|Any CPU.ActiveCfg = Release|Any CPU
		{53E31F0F-689A-4679-88D9-9C87070FC3C3}.Release|Any CPU.Build.0 = Release|Any CPU
	EndGlobalSection
	GlobalSection(SolutionProperties) = preSolution
		HideSolutionNode = FALSE
	EndGlobalSection
	GlobalSection(ExtensibilityGlobals) = postSolution
		SolutionGuid = {E40C220E-082C-4716-9939-24967E1CCC4E}
	EndGlobalSection
EndGlobal
