
Microsoft Visual Studio Solution File, Format Version 12.00
# Visual Studio Version 17
VisualStudioVersion = 17.13.35919.96 d17.13
MinimumVisualStudioVersion = 10.0.40219.1
Project("{FAE04EC0-301F-11D3-BF4B-00C04F79EFBC}") = "MyRevitCommands", "MyRevitCommands.csproj", "{58054042-BCB6-419B-A77F-B1F261DC2879}"
EndProject
Global
	GlobalSection(SolutionConfigurationPlatforms) = preSolution
		Debug|Any CPU = Debug|Any CPU
		Release|Any CPU = Release|Any CPU
	EndGlobalSection
	GlobalSection(ProjectConfigurationPlatforms) = postSolution
		{58054042-BCB6-419B-A77F-B1F261DC2879}.Debug|Any CPU.ActiveCfg = Debug|Any CPU
		{58054042-BCB6-419B-A77F-B1F261DC2879}.Debug|Any CPU.Build.0 = Debug|Any CPU
		{58054042-BCB6-419B-A77F-B1F261DC2879}.Release|Any CPU.ActiveCfg = Release|Any CPU
		{58054042-BCB6-419B-A77F-B1F261DC2879}.Release|Any CPU.Build.0 = Release|Any CPU
	EndGlobalSection
	GlobalSection(SolutionProperties) = preSolution
		HideSolutionNode = FALSE
	EndGlobalSection
	GlobalSection(ExtensibilityGlobals) = postSolution
		SolutionGuid = {2E21DFA8-FF63-4F39-9279-4A7A2491EAB9}
	EndGlobalSection
EndGlobal
