
Microsoft Visual Studio Solution File, Format Version 12.00
# Visual Studio Version 17
VisualStudioVersion = 17.13.35919.96 d17.13
MinimumVisualStudioVersion = 10.0.40219.1
Project("{FAE04EC0-301F-11D3-BF4B-00C04F79EFBC}") = "ExportToCSV", "ExportToCSV.csproj", "{C4B7EC01-F9E9-4FF6-872C-D52EC2DF5506}"
EndProject
Global
	GlobalSection(SolutionConfigurationPlatforms) = preSolution
		Debug|Any CPU = Debug|Any CPU
		Release|Any CPU = Release|Any CPU
	EndGlobalSection
	GlobalSection(ProjectConfigurationPlatforms) = postSolution
		{C4B7EC01-F9E9-4FF6-872C-D52EC2DF5506}.Debug|Any CPU.ActiveCfg = Debug|Any CPU
		{C4B7EC01-F9E9-4FF6-872C-D52EC2DF5506}.Debug|Any CPU.Build.0 = Debug|Any CPU
		{C4B7EC01-F9E9-4FF6-872C-D52EC2DF5506}.Release|Any CPU.ActiveCfg = Release|Any CPU
		{C4B7EC01-F9E9-4FF6-872C-D52EC2DF5506}.Release|Any CPU.Build.0 = Release|Any CPU
	EndGlobalSection
	GlobalSection(SolutionProperties) = preSolution
		HideSolutionNode = FALSE
	EndGlobalSection
	GlobalSection(ExtensibilityGlobals) = postSolution
		SolutionGuid = {8F3DBBFA-CEF8-4D08-99C5-47EFBA249A12}
	EndGlobalSection
EndGlobal
